
Microsoft Visual Studio Solution File, Format Version 12.00
# Visual Studio Version 16
VisualStudioVersion = 16.0.33927.289
MinimumVisualStudioVersion = 10.0.40219.1
Project("{2150E333-8FDC-42A3-9474-1A3956D46DE8}") = "Task0", "Task0", "{7440F565-E158-4D9A-A3F6-F6D6661F9084}"
EndProject
Project("{FAE04EC0-301F-11D3-BF4B-00C04F79EFBC}") = "Tyuiu.KonyushevskyAA,Sprint0.Task0.V0", "Tyuiu.KonyushevskyAA,Sprint0.Task0.V0\Tyuiu.KonyushevskyAA,Sprint0.Task0.V0.csproj", "{E47B751F-02E0-4465-B9FF-B3B9C7CE417A}"
EndProject
Project("{2150E333-8FDC-42A3-9474-1A3956D46DE8}") = "Task1", "Task1", "{B2DD4FC9-5B6E-49D0-AFD6-0AC5BEA17AFB}"
EndProject
Project("{FAE04EC0-301F-11D3-BF4B-00C04F79EFBC}") = "Tyuiu.KonyushevskyAA.Sprint0.Task1.V0", "Tyuiu.KonyushevskyAA.Sprint0.Task1.V0\Tyuiu.KonyushevskyAA.Sprint0.Task1.V0.csproj", "{B939B272-D6E6-4E25-8FD2-2D787C4EC778}"
EndProject
Project("{2150E333-8FDC-42A3-9474-1A3956D46DE8}") = "Task2", "Task2", "{A361A39D-53DE-495E-92FB-5078A3427C9A}"
EndProject
Project("{FAE04EC0-301F-11D3-BF4B-00C04F79EFBC}") = "Tyuiu.KonyushevskyAA.Sprint0.Task2.V0", "Tyuiu.KonyushevskyAA.Sprint0.Task2.V0\Tyuiu.KonyushevskyAA.Sprint0.Task2.V0.csproj", "{C34F1BBC-92A2-46AB-BB34-AEF4DA42B52A}"
EndProject
Project("{FAE04EC0-301F-11D3-BF4B-00C04F79EFBC}") = "Tyuiu.KonyushevskyAA.Sprint0.Task2.V0.Lib", "Tyuiu.KonyushevskyAA.Sprint0.Task2.V0.Lib\Tyuiu.KonyushevskyAA.Sprint0.Task2.V0.Lib.csproj", "{DA4AAFC0-F594-4D1C-BC86-D12AB29F2A51}"
EndProject
Project("{FAE04EC0-301F-11D3-BF4B-00C04F79EFBC}") = "Tyuiu.KonyushevskyAA.Sprint0.Task2.V0.Test", "Tyuiu.KonyushevskyAA.Sprint0.Task2.V0.Test\Tyuiu.KonyushevskyAA.Sprint0.Task2.V0.Test.csproj", "{43AC1781-A093-40D3-B630-510C36F6DA74}"
EndProject
Project("{2150E333-8FDC-42A3-9474-1A3956D46DE8}") = "Task3", "Task3", "{DE356C27-F2BD-4D3F-B3BD-534C966278A4}"
EndProject
Project("{FAE04EC0-301F-11D3-BF4B-00C04F79EFBC}") = "Tyuiu.KonyushevskyAA.Sprint0.Task3.V0", "Tyuiu.KonyushevskyAA.Sprint0.Task3.V0\Tyuiu.KonyushevskyAA.Sprint0.Task3.V0.csproj", "{F36BE6C7-085B-4AF7-A81D-AF6A7F6B478B}"
EndProject
Project("{FAE04EC0-301F-11D3-BF4B-00C04F79EFBC}") = "Tyuiu.KonyushevskyAA.Sprint0.Task3.V0.Lib", "Tyuiu.KonyushevskyAA.Sprint0.Task3.V0.Lib\Tyuiu.KonyushevskyAA.Sprint0.Task3.V0.Lib.csproj", "{8AA7876E-8164-48E7-B0B6-65CED238F6F3}"
EndProject
Project("{FAE04EC0-301F-11D3-BF4B-00C04F79EFBC}") = "Tyuiu.KonyushevskyAA.Sprint0.Task3.V0.Test", "Tyuiu.KonyushevskyAA.Sprint0.Task3.V0.Test\Tyuiu.KonyushevskyAA.Sprint0.Task3.V0.Test.csproj", "{25918886-E230-4C26-9025-17F830819E41}"
EndProject
Global
	GlobalSection(SolutionConfigurationPlatforms) = preSolution
		Debug|Any CPU = Debug|Any CPU
		Release|Any CPU = Release|Any CPU
	EndGlobalSection
	GlobalSection(ProjectConfigurationPlatforms) = postSolution
		{E47B751F-02E0-4465-B9FF-B3B9C7CE417A}.Debug|Any CPU.ActiveCfg = Debug|Any CPU
		{E47B751F-02E0-4465-B9FF-B3B9C7CE417A}.Debug|Any CPU.Build.0 = Debug|Any CPU
		{E47B751F-02E0-4465-B9FF-B3B9C7CE417A}.Release|Any CPU.ActiveCfg = Release|Any CPU
		{E47B751F-02E0-4465-B9FF-B3B9C7CE417A}.Release|Any CPU.Build.0 = Release|Any CPU
		{B939B272-D6E6-4E25-8FD2-2D787C4EC778}.Debug|Any CPU.ActiveCfg = Debug|Any CPU
		{B939B272-D6E6-4E25-8FD2-2D787C4EC778}.Debug|Any CPU.Build.0 = Debug|Any CPU
		{B939B272-D6E6-4E25-8FD2-2D787C4EC778}.Release|Any CPU.ActiveCfg = Release|Any CPU
		{B939B272-D6E6-4E25-8FD2-2D787C4EC778}.Release|Any CPU.Build.0 = Release|Any CPU
		{C34F1BBC-92A2-46AB-BB34-AEF4DA42B52A}.Debug|Any CPU.ActiveCfg = Debug|Any CPU
		{C34F1BBC-92A2-46AB-BB34-AEF4DA42B52A}.Debug|Any CPU.Build.0 = Debug|Any CPU
		{C34F1BBC-92A2-46AB-BB34-AEF4DA42B52A}.Release|Any CPU.ActiveCfg = Release|Any CPU
		{C34F1BBC-92A2-46AB-BB34-AEF4DA42B52A}.Release|Any CPU.Build.0 = Release|Any CPU
		{DA4AAFC0-F594-4D1C-BC86-D12AB29F2A51}.Debug|Any CPU.ActiveCfg = Debug|Any CPU
		{DA4AAFC0-F594-4D1C-BC86-D12AB29F2A51}.Debug|Any CPU.Build.0 = Debug|Any CPU
		{DA4AAFC0-F594-4D1C-BC86-D12AB29F2A51}.Release|Any CPU.ActiveCfg = Release|Any CPU
		{DA4AAFC0-F594-4D1C-BC86-D12AB29F2A51}.Release|Any CPU.Build.0 = Release|Any CPU
		{43AC1781-A093-40D3-B630-510C36F6DA74}.Debug|Any CPU.ActiveCfg = Debug|Any CPU
		{43AC1781-A093-40D3-B630-510C36F6DA74}.Debug|Any CPU.Build.0 = Debug|Any CPU
		{43AC1781-A093-40D3-B630-510C36F6DA74}.Release|Any CPU.ActiveCfg = Release|Any CPU
		{43AC1781-A093-40D3-B630-510C36F6DA74}.Release|Any CPU.Build.0 = Release|Any CPU
		{F36BE6C7-085B-4AF7-A81D-AF6A7F6B478B}.Debug|Any CPU.ActiveCfg = Debug|Any CPU
		{F36BE6C7-085B-4AF7-A81D-AF6A7F6B478B}.Debug|Any CPU.Build.0 = Debug|Any CPU
		{F36BE6C7-085B-4AF7-A81D-AF6A7F6B478B}.Release|Any CPU.ActiveCfg = Release|Any CPU
		{F36BE6C7-085B-4AF7-A81D-AF6A7F6B478B}.Release|Any CPU.Build.0 = Release|Any CPU
		{8AA7876E-8164-48E7-B0B6-65CED238F6F3}.Debug|Any CPU.ActiveCfg = Debug|Any CPU
		{8AA7876E-8164-48E7-B0B6-65CED238F6F3}.Debug|Any CPU.Build.0 = Debug|Any CPU
		{8AA7876E-8164-48E7-B0B6-65CED238F6F3}.Release|Any CPU.ActiveCfg = Release|Any CPU
		{8AA7876E-8164-48E7-B0B6-65CED238F6F3}.Release|Any CPU.Build.0 = Release|Any CPU
		{25918886-E230-4C26-9025-17F830819E41}.Debug|Any CPU.ActiveCfg = Debug|Any CPU
		{25918886-E230-4C26-9025-17F830819E41}.Debug|Any CPU.Build.0 = Debug|Any CPU
		{25918886-E230-4C26-9025-17F830819E41}.Release|Any CPU.ActiveCfg = Release|Any CPU
		{25918886-E230-4C26-9025-17F830819E41}.Release|Any CPU.Build.0 = Release|Any CPU
	EndGlobalSection
	GlobalSection(SolutionProperties) = preSolution
		HideSolutionNode = FALSE
	EndGlobalSection
	GlobalSection(NestedProjects) = preSolution
		{E47B751F-02E0-4465-B9FF-B3B9C7CE417A} = {7440F565-E158-4D9A-A3F6-F6D6661F9084}
		{B939B272-D6E6-4E25-8FD2-2D787C4EC778} = {B2DD4FC9-5B6E-49D0-AFD6-0AC5BEA17AFB}
		{C34F1BBC-92A2-46AB-BB34-AEF4DA42B52A} = {A361A39D-53DE-495E-92FB-5078A3427C9A}
		{DA4AAFC0-F594-4D1C-BC86-D12AB29F2A51} = {A361A39D-53DE-495E-92FB-5078A3427C9A}
		{43AC1781-A093-40D3-B630-510C36F6DA74} = {A361A39D-53DE-495E-92FB-5078A3427C9A}
		{F36BE6C7-085B-4AF7-A81D-AF6A7F6B478B} = {DE356C27-F2BD-4D3F-B3BD-534C966278A4}
		{8AA7876E-8164-48E7-B0B6-65CED238F6F3} = {DE356C27-F2BD-4D3F-B3BD-534C966278A4}
		{25918886-E230-4C26-9025-17F830819E41} = {DE356C27-F2BD-4D3F-B3BD-534C966278A4}
	EndGlobalSection
	GlobalSection(ExtensibilityGlobals) = postSolution
		SolutionGuid = {0B0D5561-D9CC-486B-BC41-1C2AFD4F9997}
	EndGlobalSection
EndGlobal
